{
  "name": "bootcampnode",
  "version": "1.0.0",
  "lockfileVersion": 1,
  "requires": true,
  "dependencies": {
    "dates-of-today": {
      "version": "1.0.0",
      "resolved": "https://registry.npmjs.org/dates-of-today/-/dates-of-today-1.0.0.tgz",
      "integrity": "sha1-0i/eRyZ7xiI5BObg1by8ISG9weI="
    }
  }
}
